# This file is automatically @generated by Cargo.
# It is not intended for manual editing.
version = 3

[[package]]
name = "brucket-analyzer"
version = "0.1.0"
dependencies = [
 "brucket-ast",
 "maplit",
]

[[package]]
name = "brucket-ast"
version = "0.1.0"
dependencies = [
 "maplit",
]

[[package]]
name = "brucket-interpreter"
version = "0.1.0"
dependencies = [
 "brucket-analyzer",
 "brucket-ast",
 "maplit",
]

[[package]]
name = "brucket-transpiler"
version = "0.1.0"
dependencies = [
 "brucket-analyzer",
 "brucket-ast",
 "c-generator",
]

[[package]]
name = "c-generator"
version = "0.1.0"

[[package]]
name = "maplit"
version = "1.0.2"
source = "registry+https://github.com/rust-lang/crates.io-index"
checksum = "3e2e65a1a2e43cfcb47a895c4c8b10d1f4a61097f9f254f183aee60cad9c651d"
